// !$*UTF8*$!
{
	archiveVersion = 1;
	classes = {
	};
	objectVersion = 46;
	objects = {

/* Begin PBXBuildFile section */
		A67281901B59A55400520873 /* main.m in Sources */ = {isa = PBXBuildFile; fileRef = A672818F1B59A55400520873 /* main.m */; };
		A67281931B59A55400520873 /* AppDelegate.m in Sources */ = {isa = PBXBuildFile; fileRef = A67281921B59A55400520873 /* AppDelegate.m */; };
		A67281961B59A55400520873 /* FinalStride.xcdatamodeld in Sources */ = {isa = PBXBuildFile; fileRef = A67281941B59A55400520873 /* FinalStride.xcdatamodeld */; };
		A672819C1B59A55400520873 /* Main.storyboard in Resources */ = {isa = PBXBuildFile; fileRef = A672819A1B59A55400520873 /* Main.storyboard */; };
		A672819E1B59A55400520873 /* Images.xcassets in Resources */ = {isa = PBXBuildFile; fileRef = A672819D1B59A55400520873 /* Images.xcassets */; };
		A67281A11B59A55400520873 /* LaunchScreen.xib in Resources */ = {isa = PBXBuildFile; fileRef = A672819F1B59A55400520873 /* LaunchScreen.xib */; };
		A67281AD1B59A55400520873 /* FinalStrideTests.m in Sources */ = {isa = PBXBuildFile; fileRef = A67281AC1B59A55400520873 /* FinalStrideTests.m */; };
		A6B711B51B5A29E600BF145B /* men.png in Resources */ = {isa = PBXBuildFile; fileRef = A6B711B41B5A29E600BF145B /* men.png */; };
		A6B711B81B5A2A3000BF145B /* SWRevealViewController.m in Sources */ = {isa = PBXBuildFile; fileRef = A6B711B71B5A2A3000BF145B /* SWRevealViewController.m */; };
		A6B711BB1B5A376F00BF145B /* SidebarViewController.m in Sources */ = {isa = PBXBuildFile; fileRef = A6B711BA1B5A376F00BF145B /* SidebarViewController.m */; };
		A6B711BE1B5A388A00BF145B /* MainViewController.m in Sources */ = {isa = PBXBuildFile; fileRef = A6B711BD1B5A388A00BF145B /* MainViewController.m */; };
		A6B711C01B5AB3D600BF145B /* icon.png in Resources */ = {isa = PBXBuildFile; fileRef = A6B711BF1B5AB3D600BF145B /* icon.png */; };
		A6B711C21B5AB52100BF145B /* home.png in Resources */ = {isa = PBXBuildFile; fileRef = A6B711C11B5AB52100BF145B /* home.png */; };
		A6B711C41B5AB5C900BF145B /* library.png in Resources */ = {isa = PBXBuildFile; fileRef = A6B711C31B5AB5C900BF145B /* library.png */; };
		A6B711C61B5AB5F700BF145B /* playlist.png in Resources */ = {isa = PBXBuildFile; fileRef = A6B711C51B5AB5F700BF145B /* playlist.png */; };
		A6B711C81B5AB61500BF145B /* settings.png in Resources */ = {isa = PBXBuildFile; fileRef = A6B711C71B5AB61500BF145B /* settings.png */; };
		A6B711CB1B5AFAED00BF145B /* LibraryViewController.m in Sources */ = {isa = PBXBuildFile; fileRef = A6B711CA1B5AFAED00BF145B /* LibraryViewController.m */; };
		A6B711CE1B5AFB0500BF145B /* PlaylistsViewController.m in Sources */ = {isa = PBXBuildFile; fileRef = A6B711CD1B5AFB0500BF145B /* PlaylistsViewController.m */; };
		A6B711D11B5AFB1C00BF145B /* SettingsViewController.m in Sources */ = {isa = PBXBuildFile; fileRef = A6B711D01B5AFB1C00BF145B /* SettingsViewController.m */; };
		A6B711D51B5B1D3800BF145B /* back.png in Resources */ = {isa = PBXBuildFile; fileRef = A6B711D41B5B1D3800BF145B /* back.png */; };
		A6B711F01B5C164800BF145B /* JSONModel.m in Sources */ = {isa = PBXBuildFile; fileRef = A6B711D91B5C164800BF145B /* JSONModel.m */; };
		A6B711F11B5C164800BF145B /* JSONModelArray.m in Sources */ = {isa = PBXBuildFile; fileRef = A6B711DB1B5C164800BF145B /* JSONModelArray.m */; };
		A6B711F21B5C164800BF145B /* JSONModelClassProperty.m in Sources */ = {isa = PBXBuildFile; fileRef = A6B711DD1B5C164800BF145B /* JSONModelClassProperty.m */; };
		A6B711F31B5C164800BF145B /* JSONModelError.m in Sources */ = {isa = PBXBuildFile; fileRef = A6B711DF1B5C164800BF145B /* JSONModelError.m */; };
		A6B711F41B5C164800BF145B /* NSArray+JSONModel.m in Sources */ = {isa = PBXBuildFile; fileRef = A6B711E21B5C164800BF145B /* NSArray+JSONModel.m */; };
		A6B711F51B5C164800BF145B /* JSONAPI.m in Sources */ = {isa = PBXBuildFile; fileRef = A6B711E61B5C164800BF145B /* JSONAPI.m */; };
		A6B711F61B5C164800BF145B /* JSONHTTPClient.m in Sources */ = {isa = PBXBuildFile; fileRef = A6B711E81B5C164800BF145B /* JSONHTTPClient.m */; };
		A6B711F71B5C164800BF145B /* JSONModel+networking.m in Sources */ = {isa = PBXBuildFile; fileRef = A6B711EA1B5C164800BF145B /* JSONModel+networking.m */; };
		A6B711F81B5C164800BF145B /* JSONKeyMapper.m in Sources */ = {isa = PBXBuildFile; fileRef = A6B711ED1B5C164800BF145B /* JSONKeyMapper.m */; };
		A6B711F91B5C164800BF145B /* JSONValueTransformer.m in Sources */ = {isa = PBXBuildFile; fileRef = A6B711EF1B5C164800BF145B /* JSONValueTransformer.m */; };
		A6B711FC1B5C171F00BF145B /* PlaylistModel.m in Sources */ = {isa = PBXBuildFile; fileRef = A6B711FB1B5C171F00BF145B /* PlaylistModel.m */; };
		A6B711FF1B5C289F00BF145B /* SoundModel.m in Sources */ = {isa = PBXBuildFile; fileRef = A6B711FE1B5C289F00BF145B /* SoundModel.m */; };
		A6B7120D1B5D647E00BF145B /* CoreLocation.framework in Frameworks */ = {isa = PBXBuildFile; fileRef = A6B7120C1B5D647E00BF145B /* CoreLocation.framework */; };
		A6B7120F1B5D648D00BF145B /* AudioToolbox.framework in Frameworks */ = {isa = PBXBuildFile; fileRef = A6B7120E1B5D648D00BF145B /* AudioToolbox.framework */; };
		A6B712111B5D649400BF145B /* CFNetwork.framework in Frameworks */ = {isa = PBXBuildFile; fileRef = A6B712101B5D649400BF145B /* CFNetwork.framework */; };
		A6B712131B5D649C00BF145B /* CoreGraphics.framework in Frameworks */ = {isa = PBXBuildFile; fileRef = A6B712121B5D649C00BF145B /* CoreGraphics.framework */; };
		A6B712151B5D64A400BF145B /* QuartzCore.framework in Frameworks */ = {isa = PBXBuildFile; fileRef = A6B712141B5D64A400BF145B /* QuartzCore.framework */; };
		A6B712171B5D64AB00BF145B /* Security.framework in Frameworks */ = {isa = PBXBuildFile; fileRef = A6B712161B5D64AB00BF145B /* Security.framework */; };
		A6B712191B5D64B100BF145B /* StoreKit.framework in Frameworks */ = {isa = PBXBuildFile; fileRef = A6B712181B5D64B100BF145B /* StoreKit.framework */; };
		A6B7121B1B5D64B900BF145B /* SystemConfiguration.framework in Frameworks */ = {isa = PBXBuildFile; fileRef = A6B7121A1B5D64B900BF145B /* SystemConfiguration.framework */; };
		A6B7121D1B5D64C100BF145B /* libz.dylib in Frameworks */ = {isa = PBXBuildFile; fileRef = A6B7121C1B5D64C100BF145B /* libz.dylib */; };
		A6B7121F1B5D64CB00BF145B /* libsqlite3.dylib in Frameworks */ = {isa = PBXBuildFile; fileRef = A6B7121E1B5D64CB00BF145B /* libsqlite3.dylib */; };
		A6B712211B5D64D000BF145B /* Accounts.framework in Frameworks */ = {isa = PBXBuildFile; fileRef = A6B712201B5D64D000BF145B /* Accounts.framework */; };
		A6B712231B5D64D700BF145B /* Social.framework in Frameworks */ = {isa = PBXBuildFile; fileRef = A6B712221B5D64D700BF145B /* Social.framework */; };
		A6B7122B1B5D657700BF145B /* Bolts.framework in Frameworks */ = {isa = PBXBuildFile; fileRef = A6B712251B5D657700BF145B /* Bolts.framework */; };
		A6B7122C1B5D657700BF145B /* Parse.framework in Frameworks */ = {isa = PBXBuildFile; fileRef = A6B712261B5D657700BF145B /* Parse.framework */; };
		A6B7122D1B5D657700BF145B /* ParseCrashReporting.framework in Frameworks */ = {isa = PBXBuildFile; fileRef = A6B712271B5D657700BF145B /* ParseCrashReporting.framework */; };
		A6B7122E1B5D657700BF145B /* ParseFacebookUtils.framework in Frameworks */ = {isa = PBXBuildFile; fileRef = A6B712281B5D657700BF145B /* ParseFacebookUtils.framework */; };
		A6B7122F1B5D657700BF145B /* ParseFacebookUtilsV4.framework in Frameworks */ = {isa = PBXBuildFile; fileRef = A6B712291B5D657700BF145B /* ParseFacebookUtilsV4.framework */; };
		A6B712301B5D657700BF145B /* ParseUI.framework in Frameworks */ = {isa = PBXBuildFile; fileRef = A6B7122A1B5D657700BF145B /* ParseUI.framework */; };
/* End PBXBuildFile section */

/* Begin PBXContainerItemProxy section */
		A67281A71B59A55400520873 /* PBXContainerItemProxy */ = {
			isa = PBXContainerItemProxy;
			containerPortal = A67281821B59A55400520873 /* Project object */;
			proxyType = 1;
			remoteGlobalIDString = A67281891B59A55400520873;
			remoteInfo = FinalStride;
		};
/* End PBXContainerItemProxy section */

/* Begin PBXFileReference section */
		A672818A1B59A55400520873 /* FinalStride.app */ = {isa = PBXFileReference; explicitFileType = wrapper.application; includeInIndex = 0; path = FinalStride.app; sourceTree = BUILT_PRODUCTS_DIR; };
		A672818E1B59A55400520873 /* Info.plist */ = {isa = PBXFileReference; lastKnownFileType = text.plist.xml; path = Info.plist; sourceTree = "<group>"; };
		A672818F1B59A55400520873 /* main.m */ = {isa = PBXFileReference; lastKnownFileType = sourcecode.c.objc; path = main.m; sourceTree = "<group>"; };
		A67281911B59A55400520873 /* AppDelegate.h */ = {isa = PBXFileReference; lastKnownFileType = sourcecode.c.h; path = AppDelegate.h; sourceTree = "<group>"; };
		A67281921B59A55400520873 /* AppDelegate.m */ = {isa = PBXFileReference; lastKnownFileType = sourcecode.c.objc; path = AppDelegate.m; sourceTree = "<group>"; };
		A67281951B59A55400520873 /* FinalStride.xcdatamodel */ = {isa = PBXFileReference; lastKnownFileType = wrapper.xcdatamodel; path = FinalStride.xcdatamodel; sourceTree = "<group>"; };
		A672819B1B59A55400520873 /* Base */ = {isa = PBXFileReference; lastKnownFileType = file.storyboard; name = Base; path = Base.lproj/Main.storyboard; sourceTree = "<group>"; };
		A672819D1B59A55400520873 /* Images.xcassets */ = {isa = PBXFileReference; lastKnownFileType = folder.assetcatalog; path = Images.xcassets; sourceTree = "<group>"; };
		A67281A01B59A55400520873 /* Base */ = {isa = PBXFileReference; lastKnownFileType = file.xib; name = Base; path = Base.lproj/LaunchScreen.xib; sourceTree = "<group>"; };
		A67281A61B59A55400520873 /* FinalStrideTests.xctest */ = {isa = PBXFileReference; explicitFileType = wrapper.cfbundle; includeInIndex = 0; path = FinalStrideTests.xctest; sourceTree = BUILT_PRODUCTS_DIR; };
		A67281AB1B59A55400520873 /* Info.plist */ = {isa = PBXFileReference; lastKnownFileType = text.plist.xml; path = Info.plist; sourceTree = "<group>"; };
		A67281AC1B59A55400520873 /* FinalStrideTests.m */ = {isa = PBXFileReference; lastKnownFileType = sourcecode.c.objc; path = FinalStrideTests.m; sourceTree = "<group>"; };
		A6B711B41B5A29E600BF145B /* men.png */ = {isa = PBXFileReference; lastKnownFileType = image.png; path = men.png; sourceTree = "<group>"; };
		A6B711B61B5A2A3000BF145B /* SWRevealViewController.h */ = {isa = PBXFileReference; fileEncoding = 4; lastKnownFileType = sourcecode.c.h; path = SWRevealViewController.h; sourceTree = "<group>"; };
		A6B711B71B5A2A3000BF145B /* SWRevealViewController.m */ = {isa = PBXFileReference; fileEncoding = 4; lastKnownFileType = sourcecode.c.objc; path = SWRevealViewController.m; sourceTree = "<group>"; };
		A6B711B91B5A376F00BF145B /* SidebarViewController.h */ = {isa = PBXFileReference; fileEncoding = 4; lastKnownFileType = sourcecode.c.h; path = SidebarViewController.h; sourceTree = "<group>"; };
		A6B711BA1B5A376F00BF145B /* SidebarViewController.m */ = {isa = PBXFileReference; fileEncoding = 4; lastKnownFileType = sourcecode.c.objc; path = SidebarViewController.m; sourceTree = "<group>"; };
		A6B711BC1B5A388A00BF145B /* MainViewController.h */ = {isa = PBXFileReference; fileEncoding = 4; lastKnownFileType = sourcecode.c.h; path = MainViewController.h; sourceTree = "<group>"; };
		A6B711BD1B5A388A00BF145B /* MainViewController.m */ = {isa = PBXFileReference; fileEncoding = 4; lastKnownFileType = sourcecode.c.objc; path = MainViewController.m; sourceTree = "<group>"; };
		A6B711BF1B5AB3D600BF145B /* icon.png */ = {isa = PBXFileReference; lastKnownFileType = image.png; path = icon.png; sourceTree = "<group>"; };
		A6B711C11B5AB52100BF145B /* home.png */ = {isa = PBXFileReference; lastKnownFileType = image.png; path = home.png; sourceTree = "<group>"; };
		A6B711C31B5AB5C900BF145B /* library.png */ = {isa = PBXFileReference; lastKnownFileType = image.png; path = library.png; sourceTree = "<group>"; };
		A6B711C51B5AB5F700BF145B /* playlist.png */ = {isa = PBXFileReference; lastKnownFileType = image.png; path = playlist.png; sourceTree = "<group>"; };
		A6B711C71B5AB61500BF145B /* settings.png */ = {isa = PBXFileReference; lastKnownFileType = image.png; path = settings.png; sourceTree = "<group>"; };
		A6B711C91B5AFAED00BF145B /* LibraryViewController.h */ = {isa = PBXFileReference; fileEncoding = 4; lastKnownFileType = sourcecode.c.h; path = LibraryViewController.h; sourceTree = "<group>"; };
		A6B711CA1B5AFAED00BF145B /* LibraryViewController.m */ = {isa = PBXFileReference; fileEncoding = 4; lastKnownFileType = sourcecode.c.objc; path = LibraryViewController.m; sourceTree = "<group>"; };
		A6B711CC1B5AFB0500BF145B /* PlaylistsViewController.h */ = {isa = PBXFileReference; fileEncoding = 4; lastKnownFileType = sourcecode.c.h; path = PlaylistsViewController.h; sourceTree = "<group>"; };
		A6B711CD1B5AFB0500BF145B /* PlaylistsViewController.m */ = {isa = PBXFileReference; fileEncoding = 4; lastKnownFileType = sourcecode.c.objc; path = PlaylistsViewController.m; sourceTree = "<group>"; };
		A6B711CF1B5AFB1C00BF145B /* SettingsViewController.h */ = {isa = PBXFileReference; fileEncoding = 4; lastKnownFileType = sourcecode.c.h; path = SettingsViewController.h; sourceTree = "<group>"; };
		A6B711D01B5AFB1C00BF145B /* SettingsViewController.m */ = {isa = PBXFileReference; fileEncoding = 4; lastKnownFileType = sourcecode.c.objc; path = SettingsViewController.m; sourceTree = "<group>"; };
		A6B711D41B5B1D3800BF145B /* back.png */ = {isa = PBXFileReference; lastKnownFileType = image.png; path = back.png; sourceTree = "<group>"; };
		A6B711D81B5C164800BF145B /* JSONModel.h */ = {isa = PBXFileReference; fileEncoding = 4; lastKnownFileType = sourcecode.c.h; path = JSONModel.h; sourceTree = "<group>"; };
		A6B711D91B5C164800BF145B /* JSONModel.m */ = {isa = PBXFileReference; fileEncoding = 4; lastKnownFileType = sourcecode.c.objc; path = JSONModel.m; sourceTree = "<group>"; };
		A6B711DA1B5C164800BF145B /* JSONModelArray.h */ = {isa = PBXFileReference; fileEncoding = 4; lastKnownFileType = sourcecode.c.h; path = JSONModelArray.h; sourceTree = "<group>"; };
		A6B711DB1B5C164800BF145B /* JSONModelArray.m */ = {isa = PBXFileReference; fileEncoding = 4; lastKnownFileType = sourcecode.c.objc; path = JSONModelArray.m; sourceTree = "<group>"; };
		A6B711DC1B5C164800BF145B /* JSONModelClassProperty.h */ = {isa = PBXFileReference; fileEncoding = 4; lastKnownFileType = sourcecode.c.h; path = JSONModelClassProperty.h; sourceTree = "<group>"; };
		A6B711DD1B5C164800BF145B /* JSONModelClassProperty.m */ = {isa = PBXFileReference; fileEncoding = 4; lastKnownFileType = sourcecode.c.objc; path = JSONModelClassProperty.m; sourceTree = "<group>"; };
		A6B711DE1B5C164800BF145B /* JSONModelError.h */ = {isa = PBXFileReference; fileEncoding = 4; lastKnownFileType = sourcecode.c.h; path = JSONModelError.h; sourceTree = "<group>"; };
		A6B711DF1B5C164800BF145B /* JSONModelError.m */ = {isa = PBXFileReference; fileEncoding = 4; lastKnownFileType = sourcecode.c.objc; path = JSONModelError.m; sourceTree = "<group>"; };
		A6B711E11B5C164800BF145B /* NSArray+JSONModel.h */ = {isa = PBXFileReference; fileEncoding = 4; lastKnownFileType = sourcecode.c.h; path = "NSArray+JSONModel.h"; sourceTree = "<group>"; };
		A6B711E21B5C164800BF145B /* NSArray+JSONModel.m */ = {isa = PBXFileReference; fileEncoding = 4; lastKnownFileType = sourcecode.c.objc; path = "NSArray+JSONModel.m"; sourceTree = "<group>"; };
		A6B711E31B5C164800BF145B /* JSONModelLib.h */ = {isa = PBXFileReference; fileEncoding = 4; lastKnownFileType = sourcecode.c.h; path = JSONModelLib.h; sourceTree = "<group>"; };
		A6B711E51B5C164800BF145B /* JSONAPI.h */ = {isa = PBXFileReference; fileEncoding = 4; lastKnownFileType = sourcecode.c.h; path = JSONAPI.h; sourceTree = "<group>"; };
		A6B711E61B5C164800BF145B /* JSONAPI.m */ = {isa = PBXFileReference; fileEncoding = 4; lastKnownFileType = sourcecode.c.objc; path = JSONAPI.m; sourceTree = "<group>"; };
		A6B711E71B5C164800BF145B /* JSONHTTPClient.h */ = {isa = PBXFileReference; fileEncoding = 4; lastKnownFileType = sourcecode.c.h; path = JSONHTTPClient.h; sourceTree = "<group>"; };
		A6B711E81B5C164800BF145B /* JSONHTTPClient.m */ = {isa = PBXFileReference; fileEncoding = 4; lastKnownFileType = sourcecode.c.objc; path = JSONHTTPClient.m; sourceTree = "<group>"; };
		A6B711E91B5C164800BF145B /* JSONModel+networking.h */ = {isa = PBXFileReference; fileEncoding = 4; lastKnownFileType = sourcecode.c.h; path = "JSONModel+networking.h"; sourceTree = "<group>"; };
		A6B711EA1B5C164800BF145B /* JSONModel+networking.m */ = {isa = PBXFileReference; fileEncoding = 4; lastKnownFileType = sourcecode.c.objc; path = "JSONModel+networking.m"; sourceTree = "<group>"; };
		A6B711EC1B5C164800BF145B /* JSONKeyMapper.h */ = {isa = PBXFileReference; fileEncoding = 4; lastKnownFileType = sourcecode.c.h; path = JSONKeyMapper.h; sourceTree = "<group>"; };
		A6B711ED1B5C164800BF145B /* JSONKeyMapper.m */ = {isa = PBXFileReference; fileEncoding = 4; lastKnownFileType = sourcecode.c.objc; path = JSONKeyMapper.m; sourceTree = "<group>"; };
		A6B711EE1B5C164800BF145B /* JSONValueTransformer.h */ = {isa = PBXFileReference; fileEncoding = 4; lastKnownFileType = sourcecode.c.h; path = JSONValueTransformer.h; sourceTree = "<group>"; };
		A6B711EF1B5C164800BF145B /* JSONValueTransformer.m */ = {isa = PBXFileReference; fileEncoding = 4; lastKnownFileType = sourcecode.c.objc; path = JSONValueTransformer.m; sourceTree = "<group>"; };
		A6B711FA1B5C171F00BF145B /* PlaylistModel.h */ = {isa = PBXFileReference; fileEncoding = 4; lastKnownFileType = sourcecode.c.h; path = PlaylistModel.h; sourceTree = SOURCE_ROOT; };
		A6B711FB1B5C171F00BF145B /* PlaylistModel.m */ = {isa = PBXFileReference; fileEncoding = 4; lastKnownFileType = sourcecode.c.objc; path = PlaylistModel.m; sourceTree = SOURCE_ROOT; };
		A6B711FD1B5C289F00BF145B /* SoundModel.h */ = {isa = PBXFileReference; fileEncoding = 4; lastKnownFileType = sourcecode.c.h; path = SoundModel.h; sourceTree = "<group>"; };
		A6B711FE1B5C289F00BF145B /* SoundModel.m */ = {isa = PBXFileReference; fileEncoding = 4; lastKnownFileType = sourcecode.c.objc; path = SoundModel.m; sourceTree = "<group>"; };
		A6B7120C1B5D647E00BF145B /* CoreLocation.framework */ = {isa = PBXFileReference; lastKnownFileType = wrapper.framework; name = CoreLocation.framework; path = System/Library/Frameworks/CoreLocation.framework; sourceTree = SDKROOT; };
		A6B7120E1B5D648D00BF145B /* AudioToolbox.framework */ = {isa = PBXFileReference; lastKnownFileType = wrapper.framework; name = AudioToolbox.framework; path = System/Library/Frameworks/AudioToolbox.framework; sourceTree = SDKROOT; };
		A6B712101B5D649400BF145B /* CFNetwork.framework */ = {isa = PBXFileReference; lastKnownFileType = wrapper.framework; name = CFNetwork.framework; path = System/Library/Frameworks/CFNetwork.framework; sourceTree = SDKROOT; };
		A6B712121B5D649C00BF145B /* CoreGraphics.framework */ = {isa = PBXFileReference; lastKnownFileType = wrapper.framework; name = CoreGraphics.framework; path = System/Library/Frameworks/CoreGraphics.framework; sourceTree = SDKROOT; };
		A6B712141B5D64A400BF145B /* QuartzCore.framework */ = {isa = PBXFileReference; lastKnownFileType = wrapper.framework; name = QuartzCore.framework; path = System/Library/Frameworks/QuartzCore.framework; sourceTree = SDKROOT; };
		A6B712161B5D64AB00BF145B /* Security.framework */ = {isa = PBXFileReference; lastKnownFileType = wrapper.framework; name = Security.framework; path = System/Library/Frameworks/Security.framework; sourceTree = SDKROOT; };
		A6B712181B5D64B100BF145B /* StoreKit.framework */ = {isa = PBXFileReference; lastKnownFileType = wrapper.framework; name = StoreKit.framework; path = System/Library/Frameworks/StoreKit.framework; sourceTree = SDKROOT; };
		A6B7121A1B5D64B900BF145B /* SystemConfiguration.framework */ = {isa = PBXFileReference; lastKnownFileType = wrapper.framework; name = SystemConfiguration.framework; path = System/Library/Frameworks/SystemConfiguration.framework; sourceTree = SDKROOT; };
		A6B7121C1B5D64C100BF145B /* libz.dylib */ = {isa = PBXFileReference; lastKnownFileType = "compiled.mach-o.dylib"; name = libz.dylib; path = usr/lib/libz.dylib; sourceTree = SDKROOT; };
		A6B7121E1B5D64CB00BF145B /* libsqlite3.dylib */ = {isa = PBXFileReference; lastKnownFileType = "compiled.mach-o.dylib"; name = libsqlite3.dylib; path = usr/lib/libsqlite3.dylib; sourceTree = SDKROOT; };
		A6B712201B5D64D000BF145B /* Accounts.framework */ = {isa = PBXFileReference; lastKnownFileType = wrapper.framework; name = Accounts.framework; path = System/Library/Frameworks/Accounts.framework; sourceTree = SDKROOT; };
		A6B712221B5D64D700BF145B /* Social.framework */ = {isa = PBXFileReference; lastKnownFileType = wrapper.framework; name = Social.framework; path = System/Library/Frameworks/Social.framework; sourceTree = SDKROOT; };
		A6B712251B5D657700BF145B /* Bolts.framework */ = {isa = PBXFileReference; lastKnownFileType = wrapper.framework; name = Bolts.framework; path = "../../../Downloads/parse-library-1.7.5/Bolts.framework"; sourceTree = "<group>"; };
		A6B712261B5D657700BF145B /* Parse.framework */ = {isa = PBXFileReference; lastKnownFileType = wrapper.framework; name = Parse.framework; path = "../../../Downloads/parse-library-1.7.5/Parse.framework"; sourceTree = "<group>"; };
		A6B712271B5D657700BF145B /* ParseCrashReporting.framework */ = {isa = PBXFileReference; lastKnownFileType = wrapper.framework; name = ParseCrashReporting.framework; path = "../../../Downloads/parse-library-1.7.5/ParseCrashReporting.framework"; sourceTree = "<group>"; };
		A6B712281B5D657700BF145B /* ParseFacebookUtils.framework */ = {isa = PBXFileReference; lastKnownFileType = wrapper.framework; name = ParseFacebookUtils.framework; path = "../../../Downloads/parse-library-1.7.5/ParseFacebookUtils.framework"; sourceTree = "<group>"; };
		A6B712291B5D657700BF145B /* ParseFacebookUtilsV4.framework */ = {isa = PBXFileReference; lastKnownFileType = wrapper.framework; name = ParseFacebookUtilsV4.framework; path = "../../../Downloads/parse-library-1.7.5/ParseFacebookUtilsV4.framework"; sourceTree = "<group>"; };
		A6B7122A1B5D657700BF145B /* ParseUI.framework */ = {isa = PBXFileReference; lastKnownFileType = wrapper.framework; name = ParseUI.framework; path = "../../../Downloads/parse-library-1.7.5/ParseUI.framework"; sourceTree = "<group>"; };
/* End PBXFileReference section */

/* Begin PBXFrameworksBuildPhase section */
		A67281871B59A55400520873 /* Frameworks */ = {
			isa = PBXFrameworksBuildPhase;
			buildActionMask = 2147483647;
			files = (
				A6B712301B5D657700BF145B /* ParseUI.framework in Frameworks */,
				A6B712231B5D64D700BF145B /* Social.framework in Frameworks */,
				A6B7122D1B5D657700BF145B /* ParseCrashReporting.framework in Frameworks */,
				A6B712211B5D64D000BF145B /* Accounts.framework in Frameworks */,
				A6B7121F1B5D64CB00BF145B /* libsqlite3.dylib in Frameworks */,
				A6B7121D1B5D64C100BF145B /* libz.dylib in Frameworks */,
				A6B7121B1B5D64B900BF145B /* SystemConfiguration.framework in Frameworks */,
				A6B712191B5D64B100BF145B /* StoreKit.framework in Frameworks */,
				A6B712171B5D64AB00BF145B /* Security.framework in Frameworks */,
				A6B7122B1B5D657700BF145B /* Bolts.framework in Frameworks */,
				A6B712151B5D64A400BF145B /* QuartzCore.framework in Frameworks */,
				A6B712131B5D649C00BF145B /* CoreGraphics.framework in Frameworks */,
				A6B7122C1B5D657700BF145B /* Parse.framework in Frameworks */,
				A6B712111B5D649400BF145B /* CFNetwork.framework in Frameworks */,
				A6B7120F1B5D648D00BF145B /* AudioToolbox.framework in Frameworks */,
				A6B7122F1B5D657700BF145B /* ParseFacebookUtilsV4.framework in Frameworks */,
				A6B7122E1B5D657700BF145B /* ParseFacebookUtils.framework in Frameworks */,
				A6B7120D1B5D647E00BF145B /* CoreLocation.framework in Frameworks */,
			);
			runOnlyForDeploymentPostprocessing = 0;
		};
		A67281A31B59A55400520873 /* Frameworks */ = {
			isa = PBXFrameworksBuildPhase;
			buildActionMask = 2147483647;
			files = (
			);
			runOnlyForDeploymentPostprocessing = 0;
		};
/* End PBXFrameworksBuildPhase section */

/* Begin PBXGroup section */
		A67281811B59A55400520873 = {
			isa = PBXGroup;
			children = (
				A6B712221B5D64D700BF145B /* Social.framework */,
				A6B712201B5D64D000BF145B /* Accounts.framework */,
				A6B7121E1B5D64CB00BF145B /* libsqlite3.dylib */,
				A6B712251B5D657700BF145B /* Bolts.framework */,
				A6B712261B5D657700BF145B /* Parse.framework */,
				A6B712271B5D657700BF145B /* ParseCrashReporting.framework */,
				A6B712281B5D657700BF145B /* ParseFacebookUtils.framework */,
				A6B712291B5D657700BF145B /* ParseFacebookUtilsV4.framework */,
				A6B7122A1B5D657700BF145B /* ParseUI.framework */,
				A6B7121C1B5D64C100BF145B /* libz.dylib */,
				A6B7121A1B5D64B900BF145B /* SystemConfiguration.framework */,
				A6B712181B5D64B100BF145B /* StoreKit.framework */,
				A6B712161B5D64AB00BF145B /* Security.framework */,
				A6B712141B5D64A400BF145B /* QuartzCore.framework */,
				A6B712121B5D649C00BF145B /* CoreGraphics.framework */,
				A6B712101B5D649400BF145B /* CFNetwork.framework */,
				A6B7120E1B5D648D00BF145B /* AudioToolbox.framework */,
				A6B7120C1B5D647E00BF145B /* CoreLocation.framework */,
				A6B711D61B5C164800BF145B /* JSONModel */,
				A672818C1B59A55400520873 /* FinalStride */,
				A67281A91B59A55400520873 /* FinalStrideTests */,
				A672818B1B59A55400520873 /* Products */,
			);
			sourceTree = "<group>";
		};
		A672818B1B59A55400520873 /* Products */ = {
			isa = PBXGroup;
			children = (
				A672818A1B59A55400520873 /* FinalStride.app */,
				A67281A61B59A55400520873 /* FinalStrideTests.xctest */,
			);
			name = Products;
			sourceTree = "<group>";
		};
		A672818C1B59A55400520873 /* FinalStride */ = {
			isa = PBXGroup;
			children = (
				A6B711B61B5A2A3000BF145B /* SWRevealViewController.h */,
				A6B711B71B5A2A3000BF145B /* SWRevealViewController.m */,
				A6B711FA1B5C171F00BF145B /* PlaylistModel.h */,
				A6B711FB1B5C171F00BF145B /* PlaylistModel.m */,
				A6B711FD1B5C289F00BF145B /* SoundModel.h */,
				A6B711FE1B5C289F00BF145B /* SoundModel.m */,
				A6B711C51B5AB5F700BF145B /* playlist.png */,
				A6B711D41B5B1D3800BF145B /* back.png */,
				A6B711C71B5AB61500BF145B /* settings.png */,
				A6B711C11B5AB52100BF145B /* home.png */,
				A6B711C31B5AB5C900BF145B /* library.png */,
				A6B711BF1B5AB3D600BF145B /* icon.png */,
				A6B711B41B5A29E600BF145B /* men.png */,
				A67281911B59A55400520873 /* AppDelegate.h */,
				A67281921B59A55400520873 /* AppDelegate.m */,
				A672819A1B59A55400520873 /* Main.storyboard */,
				A6B711B91B5A376F00BF145B /* SidebarViewController.h */,
				A6B711BA1B5A376F00BF145B /* SidebarViewController.m */,
				A6B711BC1B5A388A00BF145B /* MainViewController.h */,
				A6B711BD1B5A388A00BF145B /* MainViewController.m */,
				A6B711CC1B5AFB0500BF145B /* PlaylistsViewController.h */,
				A6B711CD1B5AFB0500BF145B /* PlaylistsViewController.m */,
				A6B711C91B5AFAED00BF145B /* LibraryViewController.h */,
				A6B711CA1B5AFAED00BF145B /* LibraryViewController.m */,
				A6B711CF1B5AFB1C00BF145B /* SettingsViewController.h */,
				A6B711D01B5AFB1C00BF145B /* SettingsViewController.m */,
				A672819D1B59A55400520873 /* Images.xcassets */,
				A672819F1B59A55400520873 /* LaunchScreen.xib */,
				A67281941B59A55400520873 /* FinalStride.xcdatamodeld */,
				A672818D1B59A55400520873 /* Supporting Files */,
			);
			path = FinalStride;
			sourceTree = "<group>";
		};
		A672818D1B59A55400520873 /* Supporting Files */ = {
			isa = PBXGroup;
			children = (
				A672818E1B59A55400520873 /* Info.plist */,
				A672818F1B59A55400520873 /* main.m */,
			);
			name = "Supporting Files";
			sourceTree = "<group>";
		};
		A67281A91B59A55400520873 /* FinalStrideTests */ = {
			isa = PBXGroup;
			children = (
				A67281AC1B59A55400520873 /* FinalStrideTests.m */,
				A67281AA1B59A55400520873 /* Supporting Files */,
			);
			path = FinalStrideTests;
			sourceTree = "<group>";
		};
		A67281AA1B59A55400520873 /* Supporting Files */ = {
			isa = PBXGroup;
			children = (
				A67281AB1B59A55400520873 /* Info.plist */,
			);
			name = "Supporting Files";
			sourceTree = "<group>";
		};
		A6B711D61B5C164800BF145B /* JSONModel */ = {
			isa = PBXGroup;
			children = (
				A6B711D71B5C164800BF145B /* JSONModel */,
				A6B711E01B5C164800BF145B /* JSONModelCategories */,
				A6B711E31B5C164800BF145B /* JSONModelLib.h */,
				A6B711E41B5C164800BF145B /* JSONModelNetworking */,
				A6B711EB1B5C164800BF145B /* JSONModelTransformations */,
			);
			name = JSONModel;
			path = FinalStride/JSONModel;
			sourceTree = "<group>";
		};
		A6B711D71B5C164800BF145B /* JSONModel */ = {
			isa = PBXGroup;
			children = (
				A6B711D91B5C164800BF145B /* JSONModel.m */,
				A6B711D81B5C164800BF145B /* JSONModel.h */,
				A6B711DA1B5C164800BF145B /* JSONModelArray.h */,
				A6B711DB1B5C164800BF145B /* JSONModelArray.m */,
				A6B711DC1B5C164800BF145B /* JSONModelClassProperty.h */,
				A6B711DD1B5C164800BF145B /* JSONModelClassProperty.m */,
				A6B711DE1B5C164800BF145B /* JSONModelError.h */,
				A6B711DF1B5C164800BF145B /* JSONModelError.m */,
			);
			path = JSONModel;
			sourceTree = "<group>";
		};
		A6B711E01B5C164800BF145B /* JSONModelCategories */ = {
			isa = PBXGroup;
			children = (
				A6B711E11B5C164800BF145B /* NSArray+JSONModel.h */,
				A6B711E21B5C164800BF145B /* NSArray+JSONModel.m */,
			);
			path = JSONModelCategories;
			sourceTree = "<group>";
		};
		A6B711E41B5C164800BF145B /* JSONModelNetworking */ = {
			isa = PBXGroup;
			children = (
				A6B711E51B5C164800BF145B /* JSONAPI.h */,
				A6B711E61B5C164800BF145B /* JSONAPI.m */,
				A6B711E71B5C164800BF145B /* JSONHTTPClient.h */,
				A6B711E81B5C164800BF145B /* JSONHTTPClient.m */,
				A6B711E91B5C164800BF145B /* JSONModel+networking.h */,
				A6B711EA1B5C164800BF145B /* JSONModel+networking.m */,
			);
			path = JSONModelNetworking;
			sourceTree = "<group>";
		};
		A6B711EB1B5C164800BF145B /* JSONModelTransformations */ = {
			isa = PBXGroup;
			children = (
				A6B711EC1B5C164800BF145B /* JSONKeyMapper.h */,
				A6B711ED1B5C164800BF145B /* JSONKeyMapper.m */,
				A6B711EE1B5C164800BF145B /* JSONValueTransformer.h */,
				A6B711EF1B5C164800BF145B /* JSONValueTransformer.m */,
			);
			path = JSONModelTransformations;
			sourceTree = "<group>";
		};
/* End PBXGroup section */

/* Begin PBXNativeTarget section */
		A67281891B59A55400520873 /* FinalStride */ = {
			isa = PBXNativeTarget;
			buildConfigurationList = A67281B01B59A55400520873 /* Build configuration list for PBXNativeTarget "FinalStride" */;
			buildPhases = (
				A67281861B59A55400520873 /* Sources */,
				A67281871B59A55400520873 /* Frameworks */,
				A67281881B59A55400520873 /* Resources */,
			);
			buildRules = (
			);
			dependencies = (
			);
			name = FinalStride;
			productName = FinalStride;
			productReference = A672818A1B59A55400520873 /* FinalStride.app */;
			productType = "com.apple.product-type.application";
		};
		A67281A51B59A55400520873 /* FinalStrideTests */ = {
			isa = PBXNativeTarget;
			buildConfigurationList = A67281B31B59A55400520873 /* Build configuration list for PBXNativeTarget "FinalStrideTests" */;
			buildPhases = (
				A67281A21B59A55400520873 /* Sources */,
				A67281A31B59A55400520873 /* Frameworks */,
				A67281A41B59A55400520873 /* Resources */,
			);
			buildRules = (
			);
			dependencies = (
				A67281A81B59A55400520873 /* PBXTargetDependency */,
			);
			name = FinalStrideTests;
			productName = FinalStrideTests;
			productReference = A67281A61B59A55400520873 /* FinalStrideTests.xctest */;
			productType = "com.apple.product-type.bundle.unit-test";
		};
/* End PBXNativeTarget section */

/* Begin PBXProject section */
		A67281821B59A55400520873 /* Project object */ = {
			isa = PBXProject;
			attributes = {
				LastUpgradeCheck = 0640;
				ORGANIZATIONNAME = "Rahul Sundararaman";
				TargetAttributes = {
					A67281891B59A55400520873 = {
						CreatedOnToolsVersion = 6.4;
					};
					A67281A51B59A55400520873 = {
						CreatedOnToolsVersion = 6.4;
						TestTargetID = A67281891B59A55400520873;
					};
				};
			};
			buildConfigurationList = A67281851B59A55400520873 /* Build configuration list for PBXProject "FinalStride" */;
			compatibilityVersion = "Xcode 3.2";
			developmentRegion = English;
			hasScannedForEncodings = 0;
			knownRegions = (
				en,
				Base,
			);
			mainGroup = A67281811B59A55400520873;
			productRefGroup = A672818B1B59A55400520873 /* Products */;
			projectDirPath = "";
			projectRoot = "";
			targets = (
				A67281891B59A55400520873 /* FinalStride */,
				A67281A51B59A55400520873 /* FinalStrideTests */,
			);
		};
/* End PBXProject section */

/* Begin PBXResourcesBuildPhase section */
		A67281881B59A55400520873 /* Resources */ = {
			isa = PBXResourcesBuildPhase;
			buildActionMask = 2147483647;
			files = (
				A6B711C61B5AB5F700BF145B /* playlist.png in Resources */,
				A672819C1B59A55400520873 /* Main.storyboard in Resources */,
				A6B711D51B5B1D3800BF145B /* back.png in Resources */,
				A6B711C81B5AB61500BF145B /* settings.png in Resources */,
				A6B711C01B5AB3D600BF145B /* icon.png in Resources */,
				A67281A11B59A55400520873 /* LaunchScreen.xib in Resources */,
				A6B711B51B5A29E600BF145B /* men.png in Resources */,
				A672819E1B59A55400520873 /* Images.xcassets in Resources */,
				A6B711C21B5AB52100BF145B /* home.png in Resources */,
				A6B711C41B5AB5C900BF145B /* library.png in Resources */,
			);
			runOnlyForDeploymentPostprocessing = 0;
		};
		A67281A41B59A55400520873 /* Resources */ = {
			isa = PBXResourcesBuildPhase;
			buildActionMask = 2147483647;
			files = (
			);
			runOnlyForDeploymentPostprocessing = 0;
		};
/* End PBXResourcesBuildPhase section */

/* Begin PBXSourcesBuildPhase section */
		A67281861B59A55400520873 /* Sources */ = {
			isa = PBXSourcesBuildPhase;
			buildActionMask = 2147483647;
			files = (
				A6B711CE1B5AFB0500BF145B /* PlaylistsViewController.m in Sources */,
				A67281931B59A55400520873 /* AppDelegate.m in Sources */,
				A6B711F71B5C164800BF145B /* JSONModel+networking.m in Sources */,
				A6B711CB1B5AFAED00BF145B /* LibraryViewController.m in Sources */,
				A6B711D11B5AFB1C00BF145B /* SettingsViewController.m in Sources */,
				A6B711F61B5C164800BF145B /* JSONHTTPClient.m in Sources */,
				A6B711BE1B5A388A00BF145B /* MainViewController.m in Sources */,
				A6B711F21B5C164800BF145B /* JSONModelClassProperty.m in Sources */,
				A6B711F91B5C164800BF145B /* JSONValueTransformer.m in Sources */,
				A67281961B59A55400520873 /* FinalStride.xcdatamodeld in Sources */,
				A6B711B81B5A2A3000BF145B /* SWRevealViewController.m in Sources */,
				A6B711F51B5C164800BF145B /* JSONAPI.m in Sources */,
				A6B711F41B5C164800BF145B /* NSArray+JSONModel.m in Sources */,
				A6B711F81B5C164800BF145B /* JSONKeyMapper.m in Sources */,
				A6B711BB1B5A376F00BF145B /* SidebarViewController.m in Sources */,
				A67281901B59A55400520873 /* main.m in Sources */,
				A6B711F31B5C164800BF145B /* JSONModelError.m in Sources */,
				A6B711FC1B5C171F00BF145B /* PlaylistModel.m in Sources */,
				A6B711F01B5C164800BF145B /* JSONModel.m in Sources */,
				A6B711F11B5C164800BF145B /* JSONModelArray.m in Sources */,
				A6B711FF1B5C289F00BF145B /* SoundModel.m in Sources */,
			);
			runOnlyForDeploymentPostprocessing = 0;
		};
		A67281A21B59A55400520873 /* Sources */ = {
			isa = PBXSourcesBuildPhase;
			buildActionMask = 2147483647;
			files = (
				A67281AD1B59A55400520873 /* FinalStrideTests.m in Sources */,
			);
			runOnlyForDeploymentPostprocessing = 0;
		};
/* End PBXSourcesBuildPhase section */

/* Begin PBXTargetDependency section */
		A67281A81B59A55400520873 /* PBXTargetDependency */ = {
			isa = PBXTargetDependency;
			target = A67281891B59A55400520873 /* FinalStride */;
			targetProxy = A67281A71B59A55400520873 /* PBXContainerItemProxy */;
		};
/* End PBXTargetDependency section */

/* Begin PBXVariantGroup section */
		A672819A1B59A55400520873 /* Main.storyboard */ = {
			isa = PBXVariantGroup;
			children = (
				A672819B1B59A55400520873 /* Base */,
			);
			name = Main.storyboard;
			sourceTree = "<group>";
		};
		A672819F1B59A55400520873 /* LaunchScreen.xib */ = {
			isa = PBXVariantGroup;
			children = (
				A67281A01B59A55400520873 /* Base */,
			);
			name = LaunchScreen.xib;
			sourceTree = "<group>";
		};
/* End PBXVariantGroup section */

/* Begin XCBuildConfiguration section */
		A67281AE1B59A55400520873 /* Debug */ = {
			isa = XCBuildConfiguration;
			buildSettings = {
				ALWAYS_SEARCH_USER_PATHS = NO;
				CLANG_CXX_LANGUAGE_STANDARD = "gnu++0x";
				CLANG_CXX_LIBRARY = "libc++";
				CLANG_ENABLE_MODULES = YES;
				CLANG_ENABLE_OBJC_ARC = YES;
				CLANG_WARN_BOOL_CONVERSION = YES;
				CLANG_WARN_CONSTANT_CONVERSION = YES;
				CLANG_WARN_DIRECT_OBJC_ISA_USAGE = YES_ERROR;
				CLANG_WARN_EMPTY_BODY = YES;
				CLANG_WARN_ENUM_CONVERSION = YES;
				CLANG_WARN_INT_CONVERSION = YES;
				CLANG_WARN_OBJC_ROOT_CLASS = YES_ERROR;
				CLANG_WARN_UNREACHABLE_CODE = YES;
				CLANG_WARN__DUPLICATE_METHOD_MATCH = YES;
				"CODE_SIGN_IDENTITY[sdk=iphoneos*]" = "iPhone Developer";
				COPY_PHASE_STRIP = NO;
				DEBUG_INFORMATION_FORMAT = "dwarf-with-dsym";
				ENABLE_STRICT_OBJC_MSGSEND = YES;
				GCC_C_LANGUAGE_STANDARD = gnu99;
				GCC_DYNAMIC_NO_PIC = NO;
				GCC_NO_COMMON_BLOCKS = YES;
				GCC_OPTIMIZATION_LEVEL = 0;
				GCC_PREPROCESSOR_DEFINITIONS = (
					"DEBUG=1",
					"$(inherited)",
				);
				GCC_SYMBOLS_PRIVATE_EXTERN = NO;
				GCC_WARN_64_TO_32_BIT_CONVERSION = YES;
				GCC_WARN_ABOUT_RETURN_TYPE = YES_ERROR;
				GCC_WARN_UNDECLARED_SELECTOR = YES;
				GCC_WARN_UNINITIALIZED_AUTOS = YES_AGGRESSIVE;
				GCC_WARN_UNUSED_FUNCTION = YES;
				GCC_WARN_UNUSED_VARIABLE = YES;
				IPHONEOS_DEPLOYMENT_TARGET = 8.4;
				MTL_ENABLE_DEBUG_INFO = YES;
				ONLY_ACTIVE_ARCH = YES;
				SDKROOT = iphoneos;
			};
			name = Debug;
		};
		A67281AF1B59A55400520873 /* Release */ = {
			isa = XCBuildConfiguration;
			buildSettings = {
				ALWAYS_SEARCH_USER_PATHS = NO;
				CLANG_CXX_LANGUAGE_STANDARD = "gnu++0x";
				CLANG_CXX_LIBRARY = "libc++";
				CLANG_ENABLE_MODULES = YES;
				CLANG_ENABLE_OBJC_ARC = YES;
				CLANG_WARN_BOOL_CONVERSION = YES;
				CLANG_WARN_CONSTANT_CONVERSION = YES;
				CLANG_WARN_DIRECT_OBJC_ISA_USAGE = YES_ERROR;
				CLANG_WARN_EMPTY_BODY = YES;
				CLANG_WARN_ENUM_CONVERSION = YES;
				CLANG_WARN_INT_CONVERSION = YES;
				CLANG_WARN_OBJC_ROOT_CLASS = YES_ERROR;
				CLANG_WARN_UNREACHABLE_CODE = YES;
				CLANG_WARN__DUPLICATE_METHOD_MATCH = YES;
				"CODE_SIGN_IDENTITY[sdk=iphoneos*]" = "iPhone Developer";
				COPY_PHASE_STRIP = NO;
				DEBUG_INFORMATION_FORMAT = "dwarf-with-dsym";
				ENABLE_NS_ASSERTIONS = NO;
				ENABLE_STRICT_OBJC_MSGSEND = YES;
				GCC_C_LANGUAGE_STANDARD = gnu99;
				GCC_NO_COMMON_BLOCKS = YES;
				GCC_WARN_64_TO_32_BIT_CONVERSION = YES;
				GCC_WARN_ABOUT_RETURN_TYPE = YES_ERROR;
				GCC_WARN_UNDECLARED_SELECTOR = YES;
				GCC_WARN_UNINITIALIZED_AUTOS = YES_AGGRESSIVE;
				GCC_WARN_UNUSED_FUNCTION = YES;
				GCC_WARN_UNUSED_VARIABLE = YES;
				IPHONEOS_DEPLOYMENT_TARGET = 8.4;
				MTL_ENABLE_DEBUG_INFO = NO;
				SDKROOT = iphoneos;
				VALIDATE_PRODUCT = YES;
			};
			name = Release;
		};
		A67281B11B59A55400520873 /* Debug */ = {
			isa = XCBuildConfiguration;
			buildSettings = {
				ASSETCATALOG_COMPILER_APPICON_NAME = AppIcon;
				FRAMEWORK_SEARCH_PATHS = (
					"$(inherited)",
					"$(PROJECT_DIR)",
					"/Users/rahulsundararaman/Downloads/parse-library-1.7.5",
				);
				INFOPLIST_FILE = FinalStride/Info.plist;
				IPHONEOS_DEPLOYMENT_TARGET = 8.2;
				LD_RUNPATH_SEARCH_PATHS = "$(inherited) @executable_path/Frameworks";
				PRODUCT_NAME = "$(TARGET_NAME)";
			};
			name = Debug;
		};
		A67281B21B59A55400520873 /* Release */ = {
			isa = XCBuildConfiguration;
			buildSettings = {
				ASSETCATALOG_COMPILER_APPICON_NAME = AppIcon;
				FRAMEWORK_SEARCH_PATHS = (
					"$(inherited)",
					"$(PROJECT_DIR)",
					"/Users/rahulsundararaman/Downloads/parse-library-1.7.5",
				);
				INFOPLIST_FILE = FinalStride/Info.plist;
				IPHONEOS_DEPLOYMENT_TARGET = 8.2;
				LD_RUNPATH_SEARCH_PATHS = "$(inherited) @executable_path/Frameworks";
				PRODUCT_NAME = "$(TARGET_NAME)";
			};
			name = Release;
		};
		A67281B41B59A55400520873 /* Debug */ = {
			isa = XCBuildConfiguration;
			buildSettings = {
				BUNDLE_LOADER = "$(TEST_HOST)";
				FRAMEWORK_SEARCH_PATHS = (
					"$(SDKROOT)/Developer/Library/Frameworks",
					"$(inherited)",
				);
				GCC_PREPROCESSOR_DEFINITIONS = (
					"DEBUG=1",
					"$(inherited)",
				);
				INFOPLIST_FILE = FinalStrideTests/Info.plist;
				LD_RUNPATH_SEARCH_PATHS = "$(inherited) @executable_path/Frameworks @loader_path/Frameworks";
				PRODUCT_NAME = "$(TARGET_NAME)";
				TEST_HOST = "$(BUILT_PRODUCTS_DIR)/FinalStride.app/FinalStride";
			};
			name = Debug;
		};
		A67281B51B59A55400520873 /* Release */ = {
			isa = XCBuildConfiguration;
			buildSettings = {
				BUNDLE_LOADER = "$(TEST_HOST)";
				FRAMEWORK_SEARCH_PATHS = (
					"$(SDKROOT)/Developer/Library/Frameworks",
					"$(inherited)",
				);
				INFOPLIST_FILE = FinalStrideTests/Info.plist;
				LD_RUNPATH_SEARCH_PATHS = "$(inherited) @executable_path/Frameworks @loader_path/Frameworks";
				PRODUCT_NAME = "$(TARGET_NAME)";
				TEST_HOST = "$(BUILT_PRODUCTS_DIR)/FinalStride.app/FinalStride";
			};
			name = Release;
		};
/* End XCBuildConfiguration section */

/* Begin XCConfigurationList section */
		A67281851B59A55400520873 /* Build configuration list for PBXProject "FinalStride" */ = {
			isa = XCConfigurationList;
			buildConfigurations = (
				A67281AE1B59A55400520873 /* Debug */,
				A67281AF1B59A55400520873 /* Release */,
			);
			defaultConfigurationIsVisible = 0;
			defaultConfigurationName = Release;
		};
		A67281B01B59A55400520873 /* Build configuration list for PBXNativeTarget "FinalStride" */ = {
			isa = XCConfigurationList;
			buildConfigurations = (
				A67281B11B59A55400520873 /* Debug */,
				A67281B21B59A55400520873 /* Release */,
			);
			defaultConfigurationIsVisible = 0;
			defaultConfigurationName = Release;
		};
		A67281B31B59A55400520873 /* Build configuration list for PBXNativeTarget "FinalStrideTests" */ = {
			isa = XCConfigurationList;
			buildConfigurations = (
				A67281B41B59A55400520873 /* Debug */,
				A67281B51B59A55400520873 /* Release */,
			);
			defaultConfigurationIsVisible = 0;
			defaultConfigurationName = Release;
		};
/* End XCConfigurationList section */

/* Begin XCVersionGroup section */
		A67281941B59A55400520873 /* FinalStride.xcdatamodeld */ = {
			isa = XCVersionGroup;
			children = (
				A67281951B59A55400520873 /* FinalStride.xcdatamodel */,
			);
			currentVersion = A67281951B59A55400520873 /* FinalStride.xcdatamodel */;
			path = FinalStride.xcdatamodeld;
			sourceTree = "<group>";
			versionGroupType = wrapper.xcdatamodel;
		};
/* End XCVersionGroup section */
	};
	rootObject = A67281821B59A55400520873 /* Project object */;
}
